{
  "name": "@hopkienne/coding-agent-harness",
  "version": "0.1.0",
  "lockfileVersion": 3,
  "requires": true,
  "packages": {
    "": {
      "name": "@hopkienne/coding-agent-harness",
      "version": "0.1.0",
      "license": "MIT",
      "bin": {
        "coding-agent-harness": "bin/coding-agent-harness.js"
      },
      "engines": {
        "node": ">=20"
      }
    }
  }
}
